
Microsoft Visual Studio Solution File, Format Version 12.00
# Visual Studio Version 16
VisualStudioVersion = 16.0.29409.12
MinimumVisualStudioVersion = 10.0.40219.1
Project("{FAE04EC0-301F-11D3-BF4B-00C04F79EFBC}") = "TESTSH", "TESTSH\TESTSH.csproj", "{0B5673BD-20F7-4E31-829E-E2804980A6D2}"
EndProject
Global
	GlobalSection(SolutionConfigurationPlatforms) = preSolution
		Debug|Any CPU = Debug|Any CPU
		Release|Any CPU = Release|Any CPU
	EndGlobalSection
	GlobalSection(ProjectConfigurationPlatforms) = postSolution
		{0B5673BD-20F7-4E31-829E-E2804980A6D2}.Debug|Any CPU.ActiveCfg = Debug|Any CPU
		{0B5673BD-20F7-4E31-829E-E2804980A6D2}.Debug|Any CPU.Build.0 = Debug|Any CPU
		{0B5673BD-20F7-4E31-829E-E2804980A6D2}.Release|Any CPU.ActiveCfg = Release|Any CPU
		{0B5673BD-20F7-4E31-829E-E2804980A6D2}.Release|Any CPU.Build.0 = Release|Any CPU
	EndGlobalSection
	GlobalSection(SolutionProperties) = preSolution
		HideSolutionNode = FALSE
	EndGlobalSection
	GlobalSection(ExtensibilityGlobals) = postSolution
		SolutionGuid = {95AB5411-8975-4EA8-98E9-5B3AFAB91E33}
	EndGlobalSection
EndGlobal
